
Microsoft Visual Studio Solution File, Format Version 12.00
# Visual Studio 2012
Project("{2150E333-8FDC-42A3-9474-1A3956D46DE8}") = "Extentions", "Extentions", "{DC1EFC32-0FF5-45C7-9503-4465F0159E4B}"
EndProject
Project("{FAE04EC0-301F-11D3-BF4B-00C04F79EFBC}") = "Common.Log4Net", "Common.Log4Net\Common.Log4Net.csproj", "{527FA7D6-9FF4-4BD8-9A94-4BCC7F46DF47}"
EndProject
Project("{FAE04EC0-301F-11D3-BF4B-00C04F79EFBC}") = "Common", "Common\Common.csproj", "{2C794A1D-4263-4480-9BA5-92BF639910B6}"
EndProject
Project("{FAE04EC0-301F-11D3-BF4B-00C04F79EFBC}") = "Log4netTest", "Log4netFileTest\Log4netTest.csproj", "{D7D7A625-44ED-4867-BF8D-828A02581A89}"
EndProject
Project("{FAE04EC0-301F-11D3-BF4B-00C04F79EFBC}") = "Common.Autofac", "Common.Autofac\Common.Autofac.csproj", "{D526E880-BAF5-4B03-BF5D-5781C9A261C6}"
EndProject
Project("{2150E333-8FDC-42A3-9474-1A3956D46DE8}") = "CommonTest", "CommonTest", "{2F76C579-1392-4A59-A4EC-26DDC9A5B6DC}"
EndProject
Project("{2150E333-8FDC-42A3-9474-1A3956D46DE8}") = ".nuget", ".nuget", "{79572BEB-2EC1-41BD-B8F5-CE0BEF61EF5B}"
	ProjectSection(SolutionItems) = preProject
		.nuget\NuGet.Config = .nuget\NuGet.Config
		.nuget\NuGet.exe = .nuget\NuGet.exe
		.nuget\NuGet.targets = .nuget\NuGet.targets
	EndProjectSection
EndProject
Global
	GlobalSection(SolutionConfigurationPlatforms) = preSolution
		Debug|Any CPU = Debug|Any CPU
		Debug|Mixed Platforms = Debug|Mixed Platforms
		Debug|x86 = Debug|x86
		Release|Any CPU = Release|Any CPU
		Release|Mixed Platforms = Release|Mixed Platforms
		Release|x86 = Release|x86
	EndGlobalSection
	GlobalSection(ProjectConfigurationPlatforms) = postSolution
		{527FA7D6-9FF4-4BD8-9A94-4BCC7F46DF47}.Debug|Any CPU.ActiveCfg = Debug|Any CPU
		{527FA7D6-9FF4-4BD8-9A94-4BCC7F46DF47}.Debug|Any CPU.Build.0 = Debug|Any CPU
		{527FA7D6-9FF4-4BD8-9A94-4BCC7F46DF47}.Debug|Mixed Platforms.ActiveCfg = Debug|Any CPU
		{527FA7D6-9FF4-4BD8-9A94-4BCC7F46DF47}.Debug|Mixed Platforms.Build.0 = Debug|Any CPU
		{527FA7D6-9FF4-4BD8-9A94-4BCC7F46DF47}.Debug|x86.ActiveCfg = Debug|Any CPU
		{527FA7D6-9FF4-4BD8-9A94-4BCC7F46DF47}.Release|Any CPU.ActiveCfg = Release|Any CPU
		{527FA7D6-9FF4-4BD8-9A94-4BCC7F46DF47}.Release|Any CPU.Build.0 = Release|Any CPU
		{527FA7D6-9FF4-4BD8-9A94-4BCC7F46DF47}.Release|Mixed Platforms.ActiveCfg = Release|Any CPU
		{527FA7D6-9FF4-4BD8-9A94-4BCC7F46DF47}.Release|Mixed Platforms.Build.0 = Release|Any CPU
		{527FA7D6-9FF4-4BD8-9A94-4BCC7F46DF47}.Release|x86.ActiveCfg = Release|Any CPU
		{2C794A1D-4263-4480-9BA5-92BF639910B6}.Debug|Any CPU.ActiveCfg = Debug|Any CPU
		{2C794A1D-4263-4480-9BA5-92BF639910B6}.Debug|Any CPU.Build.0 = Debug|Any CPU
		{2C794A1D-4263-4480-9BA5-92BF639910B6}.Debug|Mixed Platforms.ActiveCfg = Debug|Any CPU
		{2C794A1D-4263-4480-9BA5-92BF639910B6}.Debug|Mixed Platforms.Build.0 = Debug|Any CPU
		{2C794A1D-4263-4480-9BA5-92BF639910B6}.Debug|x86.ActiveCfg = Debug|Any CPU
		{2C794A1D-4263-4480-9BA5-92BF639910B6}.Release|Any CPU.ActiveCfg = Release|Any CPU
		{2C794A1D-4263-4480-9BA5-92BF639910B6}.Release|Any CPU.Build.0 = Release|Any CPU
		{2C794A1D-4263-4480-9BA5-92BF639910B6}.Release|Mixed Platforms.ActiveCfg = Release|Any CPU
		{2C794A1D-4263-4480-9BA5-92BF639910B6}.Release|Mixed Platforms.Build.0 = Release|Any CPU
		{2C794A1D-4263-4480-9BA5-92BF639910B6}.Release|x86.ActiveCfg = Release|Any CPU
		{D7D7A625-44ED-4867-BF8D-828A02581A89}.Debug|Any CPU.ActiveCfg = Debug|Any CPU
		{D7D7A625-44ED-4867-BF8D-828A02581A89}.Debug|Any CPU.Build.0 = Debug|Any CPU
		{D7D7A625-44ED-4867-BF8D-828A02581A89}.Debug|Mixed Platforms.ActiveCfg = Debug|Any CPU
		{D7D7A625-44ED-4867-BF8D-828A02581A89}.Debug|Mixed Platforms.Build.0 = Debug|Any CPU
		{D7D7A625-44ED-4867-BF8D-828A02581A89}.Debug|x86.ActiveCfg = Debug|Any CPU
		{D7D7A625-44ED-4867-BF8D-828A02581A89}.Release|Any CPU.ActiveCfg = Release|Any CPU
		{D7D7A625-44ED-4867-BF8D-828A02581A89}.Release|Any CPU.Build.0 = Release|Any CPU
		{D7D7A625-44ED-4867-BF8D-828A02581A89}.Release|Mixed Platforms.ActiveCfg = Release|Any CPU
		{D7D7A625-44ED-4867-BF8D-828A02581A89}.Release|Mixed Platforms.Build.0 = Release|Any CPU
		{D7D7A625-44ED-4867-BF8D-828A02581A89}.Release|x86.ActiveCfg = Release|Any CPU
		{D526E880-BAF5-4B03-BF5D-5781C9A261C6}.Debug|Any CPU.ActiveCfg = Debug|Any CPU
		{D526E880-BAF5-4B03-BF5D-5781C9A261C6}.Debug|Any CPU.Build.0 = Debug|Any CPU
		{D526E880-BAF5-4B03-BF5D-5781C9A261C6}.Debug|Mixed Platforms.ActiveCfg = Debug|Any CPU
		{D526E880-BAF5-4B03-BF5D-5781C9A261C6}.Debug|Mixed Platforms.Build.0 = Debug|Any CPU
		{D526E880-BAF5-4B03-BF5D-5781C9A261C6}.Debug|x86.ActiveCfg = Debug|Any CPU
		{D526E880-BAF5-4B03-BF5D-5781C9A261C6}.Release|Any CPU.ActiveCfg = Release|Any CPU
		{D526E880-BAF5-4B03-BF5D-5781C9A261C6}.Release|Any CPU.Build.0 = Release|Any CPU
		{D526E880-BAF5-4B03-BF5D-5781C9A261C6}.Release|Mixed Platforms.ActiveCfg = Release|Any CPU
		{D526E880-BAF5-4B03-BF5D-5781C9A261C6}.Release|Mixed Platforms.Build.0 = Release|Any CPU
		{D526E880-BAF5-4B03-BF5D-5781C9A261C6}.Release|x86.ActiveCfg = Release|Any CPU
	EndGlobalSection
	GlobalSection(SolutionProperties) = preSolution
		HideSolutionNode = FALSE
	EndGlobalSection
	GlobalSection(NestedProjects) = preSolution
		{527FA7D6-9FF4-4BD8-9A94-4BCC7F46DF47} = {DC1EFC32-0FF5-45C7-9503-4465F0159E4B}
		{D526E880-BAF5-4B03-BF5D-5781C9A261C6} = {DC1EFC32-0FF5-45C7-9503-4465F0159E4B}
		{D7D7A625-44ED-4867-BF8D-828A02581A89} = {2F76C579-1392-4A59-A4EC-26DDC9A5B6DC}
	EndGlobalSection
EndGlobal
